{
  "name": "terraform-provider-awx",
  "lockfileVersion": 3,
  "requires": true,
  "packages": {
    "": {
      "name": "terraform-provider-awx",
      "license": "MIT",
      "devDependencies": {
        "lodash": "^4.18.1"
      }
    },
    "node_modules/lodash": {
      "version": "4.18.1",
      "resolved": "https://registry.npmjs.org/lodash/-/lodash-4.18.1.tgz",
      "integrity": "sha512-dMInicTPVE8d1e5otfwmmjlxkZoUpiVLwyeTdUsi/Caj/gfzzblBcCE5sRHV/AsjuCmxWrte2TNGSYuCeCq+0Q==",
      "dev": true,
      "license": "MIT"
    }
  }
}
